
Microsoft Visual Studio Solution File, Format Version 12.00
# Visual Studio Version 17
VisualStudioVersion = 17.2.32616.157
MinimumVisualStudioVersion = 10.0.40219.1
Project("{FAE04EC0-301F-11D3-BF4B-00C04F79EFBC}") = "BusinessLogic", "BusinessLogic\BusinessLogic.csproj", "{3469E8E1-7538-4DDB-A56D-0E9D6E905F45}"
EndProject
Project("{FAE04EC0-301F-11D3-BF4B-00C04F79EFBC}") = "TestProject", "TestProject\TestProject.csproj", "{632E3E75-3CA2-4829-B209-A6AAC66E3255}"
	ProjectSection(ProjectDependencies) = postProject
		{3469E8E1-7538-4DDB-A56D-0E9D6E905F45} = {3469E8E1-7538-4DDB-A56D-0E9D6E905F45}
	EndProjectSection
EndProject
Project("{FAE04EC0-301F-11D3-BF4B-00C04F79EFBC}") = "WinForms", "WinForms\WinForms.csproj", "{E9E20576-CF4F-45B6-BBD7-7C1F5E39966C}"
EndProject
Global
	GlobalSection(SolutionConfigurationPlatforms) = preSolution
		Debug|Any CPU = Debug|Any CPU
		Release|Any CPU = Release|Any CPU
	EndGlobalSection
	GlobalSection(ProjectConfigurationPlatforms) = postSolution
		{3469E8E1-7538-4DDB-A56D-0E9D6E905F45}.Debug|Any CPU.ActiveCfg = Debug|Any CPU
		{3469E8E1-7538-4DDB-A56D-0E9D6E905F45}.Debug|Any CPU.Build.0 = Debug|Any CPU
		{3469E8E1-7538-4DDB-A56D-0E9D6E905F45}.Release|Any CPU.ActiveCfg = Release|Any CPU
		{3469E8E1-7538-4DDB-A56D-0E9D6E905F45}.Release|Any CPU.Build.0 = Release|Any CPU
		{632E3E75-3CA2-4829-B209-A6AAC66E3255}.Debug|Any CPU.ActiveCfg = Debug|Any CPU
		{632E3E75-3CA2-4829-B209-A6AAC66E3255}.Debug|Any CPU.Build.0 = Debug|Any CPU
		{632E3E75-3CA2-4829-B209-A6AAC66E3255}.Release|Any CPU.ActiveCfg = Release|Any CPU
		{632E3E75-3CA2-4829-B209-A6AAC66E3255}.Release|Any CPU.Build.0 = Release|Any CPU
		{E9E20576-CF4F-45B6-BBD7-7C1F5E39966C}.Debug|Any CPU.ActiveCfg = Debug|Any CPU
		{E9E20576-CF4F-45B6-BBD7-7C1F5E39966C}.Debug|Any CPU.Build.0 = Debug|Any CPU
		{E9E20576-CF4F-45B6-BBD7-7C1F5E39966C}.Release|Any CPU.ActiveCfg = Release|Any CPU
		{E9E20576-CF4F-45B6-BBD7-7C1F5E39966C}.Release|Any CPU.Build.0 = Release|Any CPU
	EndGlobalSection
	GlobalSection(SolutionProperties) = preSolution
		HideSolutionNode = FALSE
	EndGlobalSection
	GlobalSection(ExtensibilityGlobals) = postSolution
		SolutionGuid = {61A3ED3B-ABAE-4902-84DE-39716191BA07}
	EndGlobalSection
EndGlobal
